# This file is autogenerated, do not edit; changes may be undone by the next 'dep ensure'.


[[projects]]
  digest = "1:a1dbd512184b7bf5f59d76d1ff0132e22fdffbbc79e800355307bf4600bed200"
  name = "github.com/VividCortex/ewma"
  packages = ["."]
  pruneopts = "U"
  revision = "b24eb346a94c3ba12c1da1e564dbac1b498a77ce"
  version = "v1.1.1"

[[projects]]
  digest = "1:f2fbbf8d6fd34fdce515cc7484e7580c13cfae2df20b17bd131469782136f019"
  name = "github.com/gobuffalo/packr"
  packages = ["."]
  pruneopts = "U"
  revision = "ee1318b82b25993be2f7161d48315e1f14697528"
  version = "v1.13.3"

[[projects]]
  digest = "1:dc05096238235f47dca6f3674dc98366c0aa1ef5af8cfaacc966f8e99a3fd280"
  name = "github.com/google/go-cmp"
  packages = [
    "cmp",
    "cmp/internal/diff",
    "cmp/internal/function",
    "cmp/internal/value",
  ]
  pruneopts = "U"
  revision = "3af367b6b30c263d47e8895973edcca9a49cf029"
  version = "v0.2.0"

[[projects]]
  digest = "1:25c472f0073b930412e65c8aae95181029993e05a1fb6a8bc5393e3471338e3d"
  name = "github.com/jackc/pgx"
  packages = [
    ".",
    "chunkreader",
    "internal/sanitize",
    "pgio",
    "pgproto3",
    "pgtype",
  ]
  pruneopts = "U"
  revision = "89f1e6ac7276b61d885db5e5aed6fcbedd1c7e31"
  version = "v3.2.0"

[[projects]]
  digest = "1:40d18604e66ae46ec8e8c377249677c327bfe51de5abf2e9705cb2e4a1edd47a"
  name = "github.com/json-iterator/go"
  packages = ["."]
  pruneopts = "U"
  revision = "1624edc4454b8682399def8740d46db5e4362ba4"
  version = "v1.1.5"

[[projects]]
  digest = "1:3140e04675a6a91d2a20ea9d10bdadf6072085502e6def6768361260aee4b967"
  name = "github.com/mattn/go-isatty"
  packages = ["."]
  pruneopts = "U"
  revision = "6ca4dbf54d38eea1a992b3c722a76a5d1c4cb25c"
  version = "v0.0.4"

[[projects]]
  digest = "1:0c0ff2a89c1bb0d01887e1dac043ad7efbf3ec77482ef058ac423d13497e16fd"
  name = "github.com/modern-go/concurrent"
  packages = ["."]
  pruneopts = "U"
  revision = "bacd9c7ef1dd9b15be4a9909b8ac7a4e313eec94"
  version = "1.0.3"

[[projects]]
  digest = "1:c56ad36f5722eb07926c979d5e80676ee007a9e39e7808577b9d87ec92b00460"
  name = "github.com/modern-go/reflect2"
  packages = ["."]
  pruneopts = "U"
  revision = "94122c33edd36123c84d5368cfb2b69df93a0ec8"
  version = "v1.0.1"

[[projects]]
  digest = "1:7365acd48986e205ccb8652cc746f09c8b7876030d53710ea6ef7d0bd0dcd7ca"
  name = "github.com/pkg/errors"
  packages = ["."]
  pruneopts = "U"
  revision = "645ef00459ed84a119197bfb8d8205042c6df63d"
  version = "v0.8.0"

[[projects]]
  digest = "1:46cec24aa06289d48ea33f2b788c57de589a66ed5cbb320d39a1590462e65ec8"
  name = "github.com/urfave/cli"
  packages = ["."]
  pruneopts = "U"
  revision = "cfb38830724cc34fedffe9a2a29fb54fa9169cd1"
  version = "v1.20.0"

[[projects]]
  digest = "1:d07540782ba788f5371bbeb290d969b7477df839b7640f7f8cebe21aedc99523"
  name = "github.com/vbauerster/mpb"
  packages = [
    ".",
    "cwriter",
    "decor",
    "internal",
  ]
  pruneopts = "U"
  revision = "b89b6c9ce4c35decc74d18628a5def8299d6c41f"
  version = "v3.3.2"

[[projects]]
  branch = "master"
  digest = "1:ed359abd610d03004c519d6269e99c31d33bb218ba4f889985d30a5ada76d4df"
  name = "golang.org/x/crypto"
  packages = ["ssh/terminal"]
  pruneopts = "U"
  revision = "0709b304e793a5edb4a2c0145f281ecdc20838a4"

[[projects]]
  branch = "master"
  digest = "1:a82fc3205554c66e745aefab081509a4c862a1889af76c1dff0fcbb63b6b35c9"
  name = "golang.org/x/sys"
  packages = [
    "unix",
    "windows",
  ]
  pruneopts = "U"
  revision = "ebe1bf3edb3325c393447059974de898d5133eb8"

[solve-meta]
  analyzer-name = "dep"
  analyzer-version = 1
  input-imports = [
    "github.com/gobuffalo/packr",
    "github.com/google/go-cmp/cmp",
    "github.com/jackc/pgx",
    "github.com/jackc/pgx/pgtype",
    "github.com/json-iterator/go",
    "github.com/pkg/errors",
    "github.com/urfave/cli",
    "github.com/vbauerster/mpb",
    "github.com/vbauerster/mpb/decor",
  ]
  solver-name = "gps-cdcl"
  solver-version = 1
