# This file is autogenerated, do not edit; changes may be undone by the next 'dep ensure'.


[[projects]]
  digest = "1:f2fbbf8d6fd34fdce515cc7484e7580c13cfae2df20b17bd131469782136f019"
  name = "github.com/gobuffalo/packr"
  packages = ["."]
  pruneopts = "U"
  revision = "ee1318b82b25993be2f7161d48315e1f14697528"
  version = "v1.13.3"

[[projects]]
  digest = "1:dc05096238235f47dca6f3674dc98366c0aa1ef5af8cfaacc966f8e99a3fd280"
  name = "github.com/google/go-cmp"
  packages = [
    "cmp",
    "cmp/internal/diff",
    "cmp/internal/function",
    "cmp/internal/value",
  ]
  pruneopts = "U"
  revision = "3af367b6b30c263d47e8895973edcca9a49cf029"
  version = "v0.2.0"

[[projects]]
  digest = "1:25c472f0073b930412e65c8aae95181029993e05a1fb6a8bc5393e3471338e3d"
  name = "github.com/jackc/pgx"
  packages = [
    ".",
    "chunkreader",
    "internal/sanitize",
    "pgio",
    "pgproto3",
    "pgtype",
  ]
  pruneopts = "U"
  revision = "89f1e6ac7276b61d885db5e5aed6fcbedd1c7e31"
  version = "v3.2.0"

[[projects]]
  digest = "1:40d18604e66ae46ec8e8c377249677c327bfe51de5abf2e9705cb2e4a1edd47a"
  name = "github.com/json-iterator/go"
  packages = ["."]
  pruneopts = "U"
  revision = "1624edc4454b8682399def8740d46db5e4362ba4"
  version = "v1.1.5"

[[projects]]
  digest = "1:8edc6deaf0507aa108ca0d527c0b482fef56d91507e2ebd1a24f8de902d82965"
  name = "github.com/mattn/go-colorable"
  packages = ["."]
  pruneopts = "U"
  revision = "167de6bfdfba052fa6b2d3664c8f5272e23c9072"
  version = "v0.0.9"

[[projects]]
  digest = "1:3140e04675a6a91d2a20ea9d10bdadf6072085502e6def6768361260aee4b967"
  name = "github.com/mattn/go-isatty"
  packages = ["."]
  pruneopts = "U"
  revision = "6ca4dbf54d38eea1a992b3c722a76a5d1c4cb25c"
  version = "v0.0.4"

[[projects]]
  digest = "1:0c0ff2a89c1bb0d01887e1dac043ad7efbf3ec77482ef058ac423d13497e16fd"
  name = "github.com/modern-go/concurrent"
  packages = ["."]
  pruneopts = "U"
  revision = "bacd9c7ef1dd9b15be4a9909b8ac7a4e313eec94"
  version = "1.0.3"

[[projects]]
  digest = "1:c56ad36f5722eb07926c979d5e80676ee007a9e39e7808577b9d87ec92b00460"
  name = "github.com/modern-go/reflect2"
  packages = ["."]
  pruneopts = "U"
  revision = "94122c33edd36123c84d5368cfb2b69df93a0ec8"
  version = "v1.0.1"

[[projects]]
  digest = "1:7365acd48986e205ccb8652cc746f09c8b7876030d53710ea6ef7d0bd0dcd7ca"
  name = "github.com/pkg/errors"
  packages = ["."]
  pruneopts = "U"
  revision = "645ef00459ed84a119197bfb8d8205042c6df63d"
  version = "v0.8.0"

[[projects]]
  digest = "1:46cec24aa06289d48ea33f2b788c57de589a66ed5cbb320d39a1590462e65ec8"
  name = "github.com/urfave/cli"
  packages = ["."]
  pruneopts = "U"
  revision = "cfb38830724cc34fedffe9a2a29fb54fa9169cd1"
  version = "v1.20.0"

[[projects]]
  branch = "master"
  digest = "1:fb871d8afcad5f52500dd2e4d16b535661d37c1e1884ee3f56387cb96e3bbb2b"
  name = "golang.org/x/sys"
  packages = ["unix"]
  pruneopts = "U"
  revision = "fa5fdf94c78965f1aa8423f0cc50b8b8d728b05a"

[[projects]]
  digest = "1:a1dbd512184b7bf5f59d76d1ff0132e22fdffbbc79e800355307bf4600bed200"
  name = "gopkg.in/VividCortex/ewma.v1"
  packages = ["."]
  pruneopts = "U"
  revision = "b24eb346a94c3ba12c1da1e564dbac1b498a77ce"
  version = "v1.1.1"

[[projects]]
  digest = "1:6432b24484a7f3ca3d72bb0d384531c22763f8547a479b7a4c5906e65010eb26"
  name = "gopkg.in/cheggaaa/pb.v2"
  packages = [
    ".",
    "termutil",
  ]
  pruneopts = "U"
  revision = "c112833d014c77e8bde723fd0158e3156951639f"
  version = "v2.0.6"

[[projects]]
  digest = "1:e988ed0ca0d81f4d28772760c02ee95084961311291bdfefc1b04617c178b722"
  name = "gopkg.in/fatih/color.v1"
  packages = ["."]
  pruneopts = "U"
  revision = "5b77d2a35fb0ede96d138fc9a99f5c9b6aef11b4"
  version = "v1.7.0"

[[projects]]
  digest = "1:8edc6deaf0507aa108ca0d527c0b482fef56d91507e2ebd1a24f8de902d82965"
  name = "gopkg.in/mattn/go-colorable.v0"
  packages = ["."]
  pruneopts = "U"
  revision = "167de6bfdfba052fa6b2d3664c8f5272e23c9072"
  version = "v0.0.9"

[[projects]]
  digest = "1:3140e04675a6a91d2a20ea9d10bdadf6072085502e6def6768361260aee4b967"
  name = "gopkg.in/mattn/go-isatty.v0"
  packages = ["."]
  pruneopts = "U"
  revision = "6ca4dbf54d38eea1a992b3c722a76a5d1c4cb25c"
  version = "v0.0.4"

[[projects]]
  digest = "1:82b912465c1da0668582a7d1117339c278e786c2536b3c3623029a0c7141c2d0"
  name = "gopkg.in/mattn/go-runewidth.v0"
  packages = ["."]
  pruneopts = "U"
  revision = "ce7b0b5c7b45a81508558cd1dba6bb1e4ddb51bb"
  version = "v0.0.3"

[solve-meta]
  analyzer-name = "dep"
  analyzer-version = 1
  input-imports = [
    "github.com/gobuffalo/packr",
    "github.com/google/go-cmp/cmp",
    "github.com/jackc/pgx",
    "github.com/jackc/pgx/pgtype",
    "github.com/json-iterator/go",
    "github.com/pkg/errors",
    "github.com/urfave/cli",
    "gopkg.in/cheggaaa/pb.v2",
  ]
  solver-name = "gps-cdcl"
  solver-version = 1
